
Microsoft Visual Studio Solution File, Format Version 12.00
# Visual Studio Version 17
VisualStudioVersion = 17.3.32929.385
MinimumVisualStudioVersion = 10.0.40219.1
Project("{8BC9CEB8-8B4A-11D0-8D11-00A0C91BC942}") = "CV (Parent)", "CV (Parent)\CV (Parent).vcxproj", "{445367C4-25C7-45E5-962A-C97B180585C8}"
EndProject
Project("{8BC9CEB8-8B4A-11D0-8D11-00A0C91BC942}") = "CEAA (Min Thresh Value) (Unit Test)", "CEAA (Min Thresh Value) (Unit Test)\CEAA (Min Thresh Value) (Unit Test).vcxproj", "{4746E822-928D-43F3-9D4D-911FE45DFD5A}"
EndProject
Project("{8BC9CEB8-8B4A-11D0-8D11-00A0C91BC942}") = "GTON (Eye Closure Percent Difference) (Unit Test)", "GTON (Eye Closure Percent Difference) (Unit Test)\GTON (Eye Closure Percent Difference) (Unit Test).vcxproj", "{C57F7B88-7EED-4277-9C04-8E2C23C76F87}"
EndProject
Project("{8BC9CEB8-8B4A-11D0-8D11-00A0C91BC942}") = "GTON (Eye Opening Percent Difference) (Unit Test)", "GTON (Eye Opening Percent Difference) (Unit Test)\GTON (Eye Opening Percent Difference) (Unit Test).vcxproj", "{40FFB58D-FA32-4E0F-9896-485283083506}"
EndProject
Project("{8BC9CEB8-8B4A-11D0-8D11-00A0C91BC942}") = "QSAA (Load Time) (Unit Test)", "QSAA (Load Time) (Unit Test)\QSAA (Load Time) (Unit Test).vcxproj", "{076348C3-DCC4-4E6B-BC3D-713AF72BE9B5}"
EndProject
Project("{8BC9CEB8-8B4A-11D0-8D11-00A0C91BC942}") = "GTON (PERCLOS) (Unit Test)", "GTON (PERCLOS) (Unit Test)\GTON (PERCLOS) (Unit Test).vcxproj", "{CDC1DD70-B7F3-4B76-9DCA-A841370DDD96}"
EndProject
Project("{8BC9CEB8-8B4A-11D0-8D11-00A0C91BC942}") = "ED (Optimal Camera Angle)", "ED (Optimal Camera Angle)\ED (Optimal Camera Angle).vcxproj", "{47AB946C-75B1-478B-989E-F2245D6F253C}"
EndProject
Global
	GlobalSection(SolutionConfigurationPlatforms) = preSolution
		Debug|x64 = Debug|x64
		Debug|x86 = Debug|x86
		Release|x64 = Release|x64
		Release|x86 = Release|x86
	EndGlobalSection
	GlobalSection(ProjectConfigurationPlatforms) = postSolution
		{445367C4-25C7-45E5-962A-C97B180585C8}.Debug|x64.ActiveCfg = Debug|x64
		{445367C4-25C7-45E5-962A-C97B180585C8}.Debug|x64.Build.0 = Debug|x64
		{445367C4-25C7-45E5-962A-C97B180585C8}.Debug|x86.ActiveCfg = Debug|Win32
		{445367C4-25C7-45E5-962A-C97B180585C8}.Debug|x86.Build.0 = Debug|Win32
		{445367C4-25C7-45E5-962A-C97B180585C8}.Release|x64.ActiveCfg = Release|x64
		{445367C4-25C7-45E5-962A-C97B180585C8}.Release|x64.Build.0 = Release|x64
		{445367C4-25C7-45E5-962A-C97B180585C8}.Release|x86.ActiveCfg = Release|Win32
		{445367C4-25C7-45E5-962A-C97B180585C8}.Release|x86.Build.0 = Release|Win32
		{4746E822-928D-43F3-9D4D-911FE45DFD5A}.Debug|x64.ActiveCfg = Debug|x64
		{4746E822-928D-43F3-9D4D-911FE45DFD5A}.Debug|x64.Build.0 = Debug|x64
		{4746E822-928D-43F3-9D4D-911FE45DFD5A}.Debug|x86.ActiveCfg = Debug|Win32
		{4746E822-928D-43F3-9D4D-911FE45DFD5A}.Debug|x86.Build.0 = Debug|Win32
		{4746E822-928D-43F3-9D4D-911FE45DFD5A}.Release|x64.ActiveCfg = Release|x64
		{4746E822-928D-43F3-9D4D-911FE45DFD5A}.Release|x64.Build.0 = Release|x64
		{4746E822-928D-43F3-9D4D-911FE45DFD5A}.Release|x86.ActiveCfg = Release|Win32
		{4746E822-928D-43F3-9D4D-911FE45DFD5A}.Release|x86.Build.0 = Release|Win32
		{C57F7B88-7EED-4277-9C04-8E2C23C76F87}.Debug|x64.ActiveCfg = Debug|x64
		{C57F7B88-7EED-4277-9C04-8E2C23C76F87}.Debug|x64.Build.0 = Debug|x64
		{C57F7B88-7EED-4277-9C04-8E2C23C76F87}.Debug|x86.ActiveCfg = Debug|Win32
		{C57F7B88-7EED-4277-9C04-8E2C23C76F87}.Debug|x86.Build.0 = Debug|Win32
		{C57F7B88-7EED-4277-9C04-8E2C23C76F87}.Release|x64.ActiveCfg = Release|x64
		{C57F7B88-7EED-4277-9C04-8E2C23C76F87}.Release|x64.Build.0 = Release|x64
		{C57F7B88-7EED-4277-9C04-8E2C23C76F87}.Release|x86.ActiveCfg = Release|Win32
		{C57F7B88-7EED-4277-9C04-8E2C23C76F87}.Release|x86.Build.0 = Release|Win32
		{40FFB58D-FA32-4E0F-9896-485283083506}.Debug|x64.ActiveCfg = Debug|x64
		{40FFB58D-FA32-4E0F-9896-485283083506}.Debug|x64.Build.0 = Debug|x64
		{40FFB58D-FA32-4E0F-9896-485283083506}.Debug|x86.ActiveCfg = Debug|Win32
		{40FFB58D-FA32-4E0F-9896-485283083506}.Debug|x86.Build.0 = Debug|Win32
		{40FFB58D-FA32-4E0F-9896-485283083506}.Release|x64.ActiveCfg = Release|x64
		{40FFB58D-FA32-4E0F-9896-485283083506}.Release|x64.Build.0 = Release|x64
		{40FFB58D-FA32-4E0F-9896-485283083506}.Release|x86.ActiveCfg = Release|Win32
		{40FFB58D-FA32-4E0F-9896-485283083506}.Release|x86.Build.0 = Release|Win32
		{076348C3-DCC4-4E6B-BC3D-713AF72BE9B5}.Debug|x64.ActiveCfg = Debug|x64
		{076348C3-DCC4-4E6B-BC3D-713AF72BE9B5}.Debug|x64.Build.0 = Debug|x64
		{076348C3-DCC4-4E6B-BC3D-713AF72BE9B5}.Debug|x86.ActiveCfg = Debug|Win32
		{076348C3-DCC4-4E6B-BC3D-713AF72BE9B5}.Debug|x86.Build.0 = Debug|Win32
		{076348C3-DCC4-4E6B-BC3D-713AF72BE9B5}.Release|x64.ActiveCfg = Release|x64
		{076348C3-DCC4-4E6B-BC3D-713AF72BE9B5}.Release|x64.Build.0 = Release|x64
		{076348C3-DCC4-4E6B-BC3D-713AF72BE9B5}.Release|x86.ActiveCfg = Release|Win32
		{076348C3-DCC4-4E6B-BC3D-713AF72BE9B5}.Release|x86.Build.0 = Release|Win32
		{CDC1DD70-B7F3-4B76-9DCA-A841370DDD96}.Debug|x64.ActiveCfg = Debug|x64
		{CDC1DD70-B7F3-4B76-9DCA-A841370DDD96}.Debug|x64.Build.0 = Debug|x64
		{CDC1DD70-B7F3-4B76-9DCA-A841370DDD96}.Debug|x86.ActiveCfg = Debug|Win32
		{CDC1DD70-B7F3-4B76-9DCA-A841370DDD96}.Debug|x86.Build.0 = Debug|Win32
		{CDC1DD70-B7F3-4B76-9DCA-A841370DDD96}.Release|x64.ActiveCfg = Release|x64
		{CDC1DD70-B7F3-4B76-9DCA-A841370DDD96}.Release|x64.Build.0 = Release|x64
		{CDC1DD70-B7F3-4B76-9DCA-A841370DDD96}.Release|x86.ActiveCfg = Release|Win32
		{CDC1DD70-B7F3-4B76-9DCA-A841370DDD96}.Release|x86.Build.0 = Release|Win32
		{47AB946C-75B1-478B-989E-F2245D6F253C}.Debug|x64.ActiveCfg = Debug|x64
		{47AB946C-75B1-478B-989E-F2245D6F253C}.Debug|x64.Build.0 = Debug|x64
		{47AB946C-75B1-478B-989E-F2245D6F253C}.Debug|x86.ActiveCfg = Debug|Win32
		{47AB946C-75B1-478B-989E-F2245D6F253C}.Debug|x86.Build.0 = Debug|Win32
		{47AB946C-75B1-478B-989E-F2245D6F253C}.Release|x64.ActiveCfg = Release|x64
		{47AB946C-75B1-478B-989E-F2245D6F253C}.Release|x64.Build.0 = Release|x64
		{47AB946C-75B1-478B-989E-F2245D6F253C}.Release|x86.ActiveCfg = Release|Win32
		{47AB946C-75B1-478B-989E-F2245D6F253C}.Release|x86.Build.0 = Release|Win32
	EndGlobalSection
	GlobalSection(SolutionProperties) = preSolution
		HideSolutionNode = FALSE
	EndGlobalSection
	GlobalSection(ExtensibilityGlobals) = postSolution
		SolutionGuid = {F0D869B8-300B-4CE0-83F1-4E2A6A4CDBC6}
	EndGlobalSection
EndGlobal
